
Microsoft Visual Studio Solution File, Format Version 12.00
# Visual Studio Version 17
VisualStudioVersion = 17.8.34525.116
MinimumVisualStudioVersion = 10.0.40219.1
Project("{FAE04EC0-301F-11D3-BF4B-00C04F79EFBC}") = "DiSH.cs", "DiSH.cs\DiSH.cs.csproj", "{789E7611-0948-42B2-98CB-5F9870ADCB48}"
EndProject
Global
	GlobalSection(SolutionConfigurationPlatforms) = preSolution
		Debug|Any CPU = Debug|Any CPU
		Release|Any CPU = Release|Any CPU
	EndGlobalSection
	GlobalSection(ProjectConfigurationPlatforms) = postSolution
		{789E7611-0948-42B2-98CB-5F9870ADCB48}.Debug|Any CPU.ActiveCfg = Debug|Any CPU
		{789E7611-0948-42B2-98CB-5F9870ADCB48}.Debug|Any CPU.Build.0 = Debug|Any CPU
		{789E7611-0948-42B2-98CB-5F9870ADCB48}.Release|Any CPU.ActiveCfg = Release|Any CPU
		{789E7611-0948-42B2-98CB-5F9870ADCB48}.Release|Any CPU.Build.0 = Release|Any CPU
	EndGlobalSection
	GlobalSection(SolutionProperties) = preSolution
		HideSolutionNode = FALSE
	EndGlobalSection
	GlobalSection(ExtensibilityGlobals) = postSolution
		SolutionGuid = {73AF962D-1331-4133-9D31-7D9B09D56CC2}
	EndGlobalSection
EndGlobal
